
Microsoft Visual Studio Solution File, Format Version 12.00
# Visual Studio Version 17
VisualStudioVersion = 17.9.34526.213
MinimumVisualStudioVersion = 10.0.40219.1
Project("{FAE04EC0-301F-11D3-BF4B-00C04F79EFBC}") = "Jobdoon", "Jobdoon\Jobdoon.csproj", "{12155815-92D5-4912-A30D-9DC4C7152BA1}"
EndProject
Global
	GlobalSection(SolutionConfigurationPlatforms) = preSolution
		Debug|Any CPU = Debug|Any CPU
		Release|Any CPU = Release|Any CPU
	EndGlobalSection
	GlobalSection(ProjectConfigurationPlatforms) = postSolution
		{12155815-92D5-4912-A30D-9DC4C7152BA1}.Debug|Any CPU.ActiveCfg = Debug|Any CPU
		{12155815-92D5-4912-A30D-9DC4C7152BA1}.Debug|Any CPU.Build.0 = Debug|Any CPU
		{12155815-92D5-4912-A30D-9DC4C7152BA1}.Release|Any CPU.ActiveCfg = Release|Any CPU
		{12155815-92D5-4912-A30D-9DC4C7152BA1}.Release|Any CPU.Build.0 = Release|Any CPU
	EndGlobalSection
	GlobalSection(SolutionProperties) = preSolution
		HideSolutionNode = FALSE
	EndGlobalSection
	GlobalSection(ExtensibilityGlobals) = postSolution
		SolutionGuid = {70262182-8532-4BCC-9BB1-CE0BB70CC2F1}
	EndGlobalSection
EndGlobal
